# THIS IS AN AUTOGENERATED FILE. DO NOT EDIT THIS FILE DIRECTLY.
# yarn lockfile v1


"@greymass/eosio-resources@^0.6.0":
  version "0.6.0"
  resolved "https://registry.npm.taobao.org/@greymass/eosio-resources/download/@greymass/eosio-resources-0.6.0.tgz#273e46bb7c72f04873c67a7532a61449159165ca"
  integrity sha1-Jz5Gu3xy8Ehzxnp1MqYUSRWRZco=
  dependencies:
    "@greymass/eosio" "^0.4.0"
    bn.js "^4.11.9"
    tslib "^2.1.0"

"@greymass/eosio@^0.4.0":
  version "0.4.0"
  resolved "https://registry.npm.taobao.org/@greymass/eosio/download/@greymass/eosio-0.4.0.tgz#ec39ef3b4710b3398d382620ec3f80c2f89124c0"
  integrity sha1-7DnvO0cQszmNOCYg7D+AwviRJMA=
  dependencies:
    bn.js "^4.11.9"
    brorand "^1.1.0"
    elliptic "^6.5.4"
    hash.js "^1.0.0"
    tslib "^2.0.3"

bn.js@^4.11.9, bn.js@^4.4.0:
  version "4.12.0"
  resolved "https://registry.npm.taobao.org/bn.js/download/bn.js-4.12.0.tgz#775b3f278efbb9718eec7361f483fb36fbbfea88"
  integrity sha1-d1s/J477uXGO7HNh9IP7Nvu/6og=

brorand@^1.0.1, brorand@^1.1.0:
  version "1.1.0"
  resolved "https://registry.npm.taobao.org/brorand/download/brorand-1.1.0.tgz#12c25efe40a45e3c323eb8675a0a0ce57b22371f"
  integrity sha1-EsJe/kCkXjwyPrhnWgoM5XsiNx8=

elliptic@6.5.3:
  version "6.5.3"
  resolved "https://registry.npm.taobao.org/elliptic/download/elliptic-6.5.3.tgz?cache=0&sync_timestamp=1612291742871&other_urls=https%3A%2F%2Fregistry.npm.taobao.org%2Felliptic%2Fdownload%2Felliptic-6.5.3.tgz#cb59eb2efdaf73a0bd78ccd7015a62ad6e0f93d6"
  integrity sha1-y1nrLv2vc6C9eMzXAVpirW4Pk9Y=
  dependencies:
    bn.js "^4.4.0"
    brorand "^1.0.1"
    hash.js "^1.0.0"
    hmac-drbg "^1.0.0"
    inherits "^2.0.1"
    minimalistic-assert "^1.0.0"
    minimalistic-crypto-utils "^1.0.0"

elliptic@^6.5.4:
  version "6.5.4"
  resolved "https://registry.npm.taobao.org/elliptic/download/elliptic-6.5.4.tgz?cache=0&sync_timestamp=1612291742871&other_urls=https%3A%2F%2Fregistry.npm.taobao.org%2Felliptic%2Fdownload%2Felliptic-6.5.4.tgz#da37cebd31e79a1367e941b592ed1fbebd58abbb"
  integrity sha1-2jfOvTHnmhNn6UG1ku0fvr1Yq7s=
  dependencies:
    bn.js "^4.11.9"
    brorand "^1.1.0"
    hash.js "^1.0.0"
    hmac-drbg "^1.0.1"
    inherits "^2.0.4"
    minimalistic-assert "^1.0.1"
    minimalistic-crypto-utils "^1.0.1"

eosjs@^21.0.3:
  version "21.0.3"
  resolved "https://registry.npm.taobao.org/eosjs/download/eosjs-21.0.3.tgz#126388f5045647f687fd0aacff4f08ed92d4369f"
  integrity sha1-EmOI9QRWR/aH/Qqs/08I7ZLUNp8=
  dependencies:
    elliptic "6.5.3"
    hash.js "1.1.7"
    pako "1.0.11"

hash.js@1.1.7, hash.js@^1.0.0, hash.js@^1.0.3:
  version "1.1.7"
  resolved "https://registry.npm.taobao.org/hash.js/download/hash.js-1.1.7.tgz#0babca538e8d4ee4a0f8988d68866537a003cf42"
  integrity sha1-C6vKU46NTuSg+JiNaIZlN6ADz0I=
  dependencies:
    inherits "^2.0.3"
    minimalistic-assert "^1.0.1"

hmac-drbg@^1.0.0, hmac-drbg@^1.0.1:
  version "1.0.1"
  resolved "https://registry.npm.taobao.org/hmac-drbg/download/hmac-drbg-1.0.1.tgz#d2745701025a6c775a6c545793ed502fc0c649a1"
  integrity sha1-0nRXAQJabHdabFRXk+1QL8DGSaE=
  dependencies:
    hash.js "^1.0.3"
    minimalistic-assert "^1.0.0"
    minimalistic-crypto-utils "^1.0.1"

inherits@^2.0.1, inherits@^2.0.3, inherits@^2.0.4:
  version "2.0.4"
  resolved "https://registry.npm.taobao.org/inherits/download/inherits-2.0.4.tgz#0fa2c64f932917c3433a0ded55363aae37416b7c"
  integrity sha1-D6LGT5MpF8NDOg3tVTY6rjdBa3w=

minimalistic-assert@^1.0.0, minimalistic-assert@^1.0.1:
  version "1.0.1"
  resolved "https://registry.npm.taobao.org/minimalistic-assert/download/minimalistic-assert-1.0.1.tgz#2e194de044626d4a10e7f7fbc00ce73e83e4d5c7"
  integrity sha1-LhlN4ERibUoQ5/f7wAznPoPk1cc=

minimalistic-crypto-utils@^1.0.0, minimalistic-crypto-utils@^1.0.1:
  version "1.0.1"
  resolved "https://registry.npm.taobao.org/minimalistic-crypto-utils/download/minimalistic-crypto-utils-1.0.1.tgz#f6c00c1c0b082246e5c4d99dfb8c7c083b2b582a"
  integrity sha1-9sAMHAsIIkblxNmd+4x8CDsrWCo=

moment@^2.29.1:
  version "2.29.1"
  resolved "https://registry.npm.taobao.org/moment/download/moment-2.29.1.tgz?cache=0&sync_timestamp=1601983717342&other_urls=https%3A%2F%2Fregistry.npm.taobao.org%2Fmoment%2Fdownload%2Fmoment-2.29.1.tgz#b2be769fa31940be9eeea6469c075e35006fa3d3"
  integrity sha1-sr52n6MZQL6e7qZGnAdeNQBvo9M=

node-fetch@^2.6.1:
  version "2.6.1"
  resolved "https://registry.npm.taobao.org/node-fetch/download/node-fetch-2.6.1.tgz#045bd323631f76ed2e2b55573394416b639a0052"
  integrity sha1-BFvTI2Mfdu0uK1VXM5RBa2OaAFI=

pako@1.0.11:
  version "1.0.11"
  resolved "https://registry.npm.taobao.org/pako/download/pako-1.0.11.tgz?cache=0&sync_timestamp=1610209018701&other_urls=https%3A%2F%2Fregistry.npm.taobao.org%2Fpako%2Fdownload%2Fpako-1.0.11.tgz#6c9599d340d54dfd3946380252a35705a6b992bf"
  integrity sha1-bJWZ00DVTf05RjgCUqNXBaa5kr8=

tslib@^2.0.3, tslib@^2.1.0:
  version "2.1.0"
  resolved "https://registry.npm.taobao.org/tslib/download/tslib-2.1.0.tgz?cache=0&sync_timestamp=1609887895137&other_urls=https%3A%2F%2Fregistry.npm.taobao.org%2Ftslib%2Fdownload%2Ftslib-2.1.0.tgz#da60860f1c2ecaa5703ab7d39bc05b6bf988b97a"
  integrity sha1-2mCGDxwuyqVwOrfTm8Bba/mIuXo=
